
Microsoft Visual Studio Solution File, Format Version 12.00
# Visual Studio Version 17
VisualStudioVersion = 17.4.33213.308
MinimumVisualStudioVersion = 10.0.40219.1
Project("{FAE04EC0-301F-11D3-BF4B-00C04F79EFBC}") = "ChatService", "ChatService\ChatService.csproj", "{4C91D27B-8D50-44DB-AC92-144307C10456}"
EndProject
Global
	GlobalSection(SolutionConfigurationPlatforms) = preSolution
		Debug|Any CPU = Debug|Any CPU
		Release|Any CPU = Release|Any CPU
	EndGlobalSection
	GlobalSection(ProjectConfigurationPlatforms) = postSolution
		{4C91D27B-8D50-44DB-AC92-144307C10456}.Debug|Any CPU.ActiveCfg = Debug|Any CPU
		{4C91D27B-8D50-44DB-AC92-144307C10456}.Debug|Any CPU.Build.0 = Debug|Any CPU
		{4C91D27B-8D50-44DB-AC92-144307C10456}.Release|Any CPU.ActiveCfg = Release|Any CPU
		{4C91D27B-8D50-44DB-AC92-144307C10456}.Release|Any CPU.Build.0 = Release|Any CPU
	EndGlobalSection
	GlobalSection(SolutionProperties) = preSolution
		HideSolutionNode = FALSE
	EndGlobalSection
	GlobalSection(ExtensibilityGlobals) = postSolution
		SolutionGuid = {870901AB-C94D-492C-948B-57462928C3F5}
	EndGlobalSection
EndGlobal
